{
  "lockfileVersion": 1,
  "configVersion": 0,
  "workspaces": {
    "": {
      "name": "peat",
      "dependencies": {
        "@doist/todoist-api-typescript": "^6.5.0",
        "@notionhq/client": "^2.2.15",
        "got": "^12.6.1",
        "lodash": "^4.17.21",
      },
      "devDependencies": {
        "@types/bun": "latest",
        "@types/lodash": "^4.17.15",
      },
    },
  },
  "packages": {
    "@doist/todoist-api-typescript": ["@doist/todoist-api-typescript@6.5.0", "", { "dependencies": { "camelcase": "6.3.0", "emoji-regex": "10.6.0", "form-data": "4.0.4", "ts-custom-error": "^3.2.0", "undici": "^7.16.0", "uuid": "11.1.0", "zod": "4.1.12" }, "peerDependencies": { "type-fest": "^4.12.0" } }, "sha512-Hvtqb0EsBTN4gz4xsQ+VbYasZeEhNxuNa+CrCcGB+YWoRJipMmm4dXmzceYXKT8gx8UgVdyV7CDIEXrFQC/hFw=="],

    "@notionhq/client": ["@notionhq/client@2.2.15", "", { "dependencies": { "@types/node-fetch": "^2.5.10", "node-fetch": "^2.6.1" } }, "sha512-XhdSY/4B1D34tSco/GION+23GMjaS9S2zszcqYkMHo8RcWInymF6L1x+Gk7EmHdrSxNFva2WM8orhC4BwQCwgw=="],

    "@sindresorhus/is": ["@sindresorhus/is@5.6.0", "", {}, "sha512-TV7t8GKYaJWsn00tFDqBw8+Uqmr8A0fRU1tvTQhyZzGv0sJCGRQL3JGMI3ucuKo3XIZdUP+Lx7/gh2t3lewy7g=="],

    "@szmarczak/http-timer": ["@szmarczak/http-timer@5.0.1", "", { "dependencies": { "defer-to-connect": "^2.0.1" } }, "sha512-+PmQX0PiAYPMeVYe237LJAYvOMYW1j2rH5YROyS3b4CTVJum34HfRvKvAzozHAQG0TnHNdUfY9nCeUyRAs//cw=="],

    "@types/bun": ["@types/bun@1.2.2", "", { "dependencies": { "bun-types": "1.2.2" } }, "sha512-tr74gdku+AEDN5ergNiBnplr7hpDp3V1h7fqI2GcR/rsUaM39jpSeKH0TFibRvU0KwniRx5POgaYnaXbk0hU+w=="],

    "@types/http-cache-semantics": ["@types/http-cache-semantics@4.0.4", "", {}, "sha512-1m0bIFVc7eJWyve9S0RnuRgcQqF/Xd5QsUZAZeQFr1Q3/p9JWoQQEqmVy+DPTNpGXwhgIetAoYF8JSc33q29QA=="],

    "@types/lodash": ["@types/lodash@4.17.15", "", {}, "sha512-w/P33JFeySuhN6JLkysYUK2gEmy9kHHFN7E8ro0tkfmlDOgxBDzWEZ/J8cWA+fHqFevpswDTFZnDx+R9lbL6xw=="],

    "@types/node": ["@types/node@22.13.1", "", { "dependencies": { "undici-types": "~6.20.0" } }, "sha512-jK8uzQlrvXqEU91UxiK5J7pKHyzgnI1Qnl0QDHIgVGuolJhRb9EEl28Cj9b3rGR8B2lhFCtvIm5os8lFnO/1Ew=="],

    "@types/node-fetch": ["@types/node-fetch@2.6.12", "", { "dependencies": { "@types/node": "*", "form-data": "^4.0.0" } }, "sha512-8nneRWKCg3rMtF69nLQJnOYUcbafYeFSjqkw3jCRLsqkWFlHaoQrr5mXmofFGOx3DKn7UfmBMyov8ySvLRVldA=="],

    "@types/ws": ["@types/ws@8.5.14", "", { "dependencies": { "@types/node": "*" } }, "sha512-bd/YFLW+URhBzMXurx7lWByOu+xzU9+kb3RboOteXYDfW+tr+JZa99OyNmPINEGB/ahzKrEuc8rcv4gnpJmxTw=="],

    "asynckit": ["asynckit@0.4.0", "", {}, "sha512-Oei9OH4tRh0YqU3GxhX79dM/mwVgvbZJaSNaRk+bshkj0S5cfHcgYakreBjrHwatXKbz+IoIdYLxrKim2MjW0Q=="],

    "bun-types": ["bun-types@1.2.2", "", { "dependencies": { "@types/node": "*", "@types/ws": "~8.5.10" } }, "sha512-RCbMH5elr9gjgDGDhkTTugA21XtJAy/9jkKe/G3WR2q17VPGhcquf9Sir6uay9iW+7P/BV0CAHA1XlHXMAVKHg=="],

    "cacheable-lookup": ["cacheable-lookup@7.0.0", "", {}, "sha512-+qJyx4xiKra8mZrcwhjMRMUhD5NR1R8esPkzIYxX96JiecFoxAXFuz/GpR3+ev4PE1WamHip78wV0vcmPQtp8w=="],

    "cacheable-request": ["cacheable-request@10.2.14", "", { "dependencies": { "@types/http-cache-semantics": "^4.0.2", "get-stream": "^6.0.1", "http-cache-semantics": "^4.1.1", "keyv": "^4.5.3", "mimic-response": "^4.0.0", "normalize-url": "^8.0.0", "responselike": "^3.0.0" } }, "sha512-zkDT5WAF4hSSoUgyfg5tFIxz8XQK+25W/TLVojJTMKBaxevLBBtLxgqguAuVQB8PVW79FVjHcU+GJ9tVbDZ9mQ=="],

    "call-bind-apply-helpers": ["call-bind-apply-helpers@1.0.2", "", { "dependencies": { "es-errors": "^1.3.0", "function-bind": "^1.1.2" } }, "sha512-Sp1ablJ0ivDkSzjcaJdxEunN5/XvksFJ2sMBFfq6x0ryhQV/2b/KwFe21cMpmHtPOSij8K99/wSfoEuTObmuMQ=="],

    "camelcase": ["camelcase@6.3.0", "", {}, "sha512-Gmy6FhYlCY7uOElZUSbxo2UCDH8owEk996gkbrpsgGtrJLM3J7jGxl9Ic7Qwwj4ivOE5AWZWRMecDdF7hqGjFA=="],

    "combined-stream": ["combined-stream@1.0.8", "", { "dependencies": { "delayed-stream": "~1.0.0" } }, "sha512-FQN4MRfuJeHf7cBbBMJFXhKSDq+2kAArBlmRBvcvFE5BB1HZKXtSFASDhdlz9zOYwxh8lDdnvmMOe/+5cdoEdg=="],

    "decompress-response": ["decompress-response@6.0.0", "", { "dependencies": { "mimic-response": "^3.1.0" } }, "sha512-aW35yZM6Bb/4oJlZncMH2LCoZtJXTRxES17vE3hoRiowU2kWHaJKFkSBDnDR+cm9J+9QhXmREyIfv0pji9ejCQ=="],

    "defer-to-connect": ["defer-to-connect@2.0.1", "", {}, "sha512-4tvttepXG1VaYGrRibk5EwJd1t4udunSOVMdLSAL6mId1ix438oPwPZMALY41FCijukO1L0twNcGsdzS7dHgDg=="],

    "delayed-stream": ["delayed-stream@1.0.0", "", {}, "sha512-ZySD7Nf91aLB0RxL4KGrKHBXl7Eds1DAmEdcoVawXnLD7SDhpNgtuII2aAkg7a7QS41jxPSZ17p4VdGnMHk3MQ=="],

    "dunder-proto": ["dunder-proto@1.0.1", "", { "dependencies": { "call-bind-apply-helpers": "^1.0.1", "es-errors": "^1.3.0", "gopd": "^1.2.0" } }, "sha512-KIN/nDJBQRcXw0MLVhZE9iQHmG68qAVIBg9CqmUYjmQIhgij9U5MFvrqkUL5FbtyyzZuOeOt0zdeRe4UY7ct+A=="],

    "emoji-regex": ["emoji-regex@10.6.0", "", {}, "sha512-toUI84YS5YmxW219erniWD0CIVOo46xGKColeNQRgOzDorgBi1v4D71/OFzgD9GO2UGKIv1C3Sp8DAn0+j5w7A=="],

    "es-define-property": ["es-define-property@1.0.1", "", {}, "sha512-e3nRfgfUZ4rNGL232gUgX06QNyyez04KdjFrF+LTRoOXmrOgFKDg4BCdsjW8EnT69eqdYGmRpJwiPVYNrCaW3g=="],

    "es-errors": ["es-errors@1.3.0", "", {}, "sha512-Zf5H2Kxt2xjTvbJvP2ZWLEICxA6j+hAmMzIlypy4xcBg1vKVnx89Wy0GbS+kf5cwCVFFzdCFh2XSCFNULS6csw=="],

    "es-object-atoms": ["es-object-atoms@1.1.1", "", { "dependencies": { "es-errors": "^1.3.0" } }, "sha512-FGgH2h8zKNim9ljj7dankFPcICIK9Cp5bm+c2gQSYePhpaG5+esrLODihIorn+Pe6FGJzWhXQotPv73jTaldXA=="],

    "es-set-tostringtag": ["es-set-tostringtag@2.1.0", "", { "dependencies": { "es-errors": "^1.3.0", "get-intrinsic": "^1.2.6", "has-tostringtag": "^1.0.2", "hasown": "^2.0.2" } }, "sha512-j6vWzfrGVfyXxge+O0x5sh6cvxAog0a/4Rdd2K36zCMV5eJ+/+tOAngRO8cODMNWbVRdVlmGZQL2YS3yR8bIUA=="],

    "form-data": ["form-data@4.0.4", "", { "dependencies": { "asynckit": "^0.4.0", "combined-stream": "^1.0.8", "es-set-tostringtag": "^2.1.0", "hasown": "^2.0.2", "mime-types": "^2.1.12" } }, "sha512-KrGhL9Q4zjj0kiUt5OO4Mr/A/jlI2jDYs5eHBpYHPcBEVSiipAvn2Ko2HnPe20rmcuuvMHNdZFp+4IlGTMF0Ow=="],

    "form-data-encoder": ["form-data-encoder@2.1.4", "", {}, "sha512-yDYSgNMraqvnxiEXO4hi88+YZxaHC6QKzb5N84iRCTDeRO7ZALpir/lVmf/uXUhnwUr2O4HU8s/n6x+yNjQkHw=="],

    "function-bind": ["function-bind@1.1.2", "", {}, "sha512-7XHNxH7qX9xG5mIwxkhumTox/MIRNcOgDrxWsMt2pAr23WHp6MrRlN7FBSFpCpr+oVO0F744iUgR82nJMfG2SA=="],

    "get-intrinsic": ["get-intrinsic@1.3.0", "", { "dependencies": { "call-bind-apply-helpers": "^1.0.2", "es-define-property": "^1.0.1", "es-errors": "^1.3.0", "es-object-atoms": "^1.1.1", "function-bind": "^1.1.2", "get-proto": "^1.0.1", "gopd": "^1.2.0", "has-symbols": "^1.1.0", "hasown": "^2.0.2", "math-intrinsics": "^1.1.0" } }, "sha512-9fSjSaos/fRIVIp+xSJlE6lfwhES7LNtKaCBIamHsjr2na1BiABJPo0mOjjz8GJDURarmCPGqaiVg5mfjb98CQ=="],

    "get-proto": ["get-proto@1.0.1", "", { "dependencies": { "dunder-proto": "^1.0.1", "es-object-atoms": "^1.0.0" } }, "sha512-sTSfBjoXBp89JvIKIefqw7U2CCebsc74kiY6awiGogKtoSGbgjYE/G/+l9sF3MWFPNc9IcoOC4ODfKHfxFmp0g=="],

    "get-stream": ["get-stream@6.0.1", "", {}, "sha512-ts6Wi+2j3jQjqi70w5AlN8DFnkSwC+MqmxEzdEALB2qXZYV3X/b1CTfgPLGJNMeAWxdPfU8FO1ms3NUfaHCPYg=="],

    "gopd": ["gopd@1.2.0", "", {}, "sha512-ZUKRh6/kUFoAiTAtTYPZJ3hw9wNxx+BIBOijnlG9PnrJsCcSjs1wyyD6vJpaYtgnzDrKYRSqf3OO6Rfa93xsRg=="],

    "got": ["got@12.6.1", "", { "dependencies": { "@sindresorhus/is": "^5.2.0", "@szmarczak/http-timer": "^5.0.1", "cacheable-lookup": "^7.0.0", "cacheable-request": "^10.2.8", "decompress-response": "^6.0.0", "form-data-encoder": "^2.1.2", "get-stream": "^6.0.1", "http2-wrapper": "^2.1.10", "lowercase-keys": "^3.0.0", "p-cancelable": "^3.0.0", "responselike": "^3.0.0" } }, "sha512-mThBblvlAF1d4O5oqyvN+ZxLAYwIJK7bpMxgYqPD9okW0C3qm5FFn7k811QrcuEBwaogR3ngOFoCfs6mRv7teQ=="],

    "has-symbols": ["has-symbols@1.1.0", "", {}, "sha512-1cDNdwJ2Jaohmb3sg4OmKaMBwuC48sYni5HUw2DvsC8LjGTLK9h+eb1X6RyuOHe4hT0ULCW68iomhjUoKUqlPQ=="],

    "has-tostringtag": ["has-tostringtag@1.0.2", "", { "dependencies": { "has-symbols": "^1.0.3" } }, "sha512-NqADB8VjPFLM2V0VvHUewwwsw0ZWBaIdgo+ieHtK3hasLz4qeCRjYcqfB6AQrBggRKppKF8L52/VqdVsO47Dlw=="],

    "hasown": ["hasown@2.0.2", "", { "dependencies": { "function-bind": "^1.1.2" } }, "sha512-0hJU9SCPvmMzIBdZFqNPXWa6dqh7WdH0cII9y+CyS8rG3nL48Bclra9HmKhVVUHyPWNH5Y7xDwAB7bfgSjkUMQ=="],

    "http-cache-semantics": ["http-cache-semantics@4.1.1", "", {}, "sha512-er295DKPVsV82j5kw1Gjt+ADA/XYHsajl82cGNQG2eyoPkvgUhX+nDIyelzhIWbbsXP39EHcI6l5tYs2FYqYXQ=="],

    "http2-wrapper": ["http2-wrapper@2.2.1", "", { "dependencies": { "quick-lru": "^5.1.1", "resolve-alpn": "^1.2.0" } }, "sha512-V5nVw1PAOgfI3Lmeaj2Exmeg7fenjhRUgz1lPSezy1CuhPYbgQtbQj4jZfEAEMlaL+vupsvhjqCyjzob0yxsmQ=="],

    "json-buffer": ["json-buffer@3.0.1", "", {}, "sha512-4bV5BfR2mqfQTJm+V5tPPdf+ZpuhiIvTuAB5g8kcrXOZpTT/QwwVRWBywX1ozr6lEuPdbHxwaJlm9G6mI2sfSQ=="],

    "keyv": ["keyv@4.5.4", "", { "dependencies": { "json-buffer": "3.0.1" } }, "sha512-oxVHkHR/EJf2CNXnWxRLW6mg7JyCCUcG0DtEGmL2ctUo1PNTin1PUil+r/+4r5MpVgC/fn1kjsx7mjSujKqIpw=="],

    "lodash": ["lodash@4.17.21", "", {}, "sha512-v2kDEe57lecTulaDIuNTPy3Ry4gLGJ6Z1O3vE1krgXZNrsQ+LFTGHVxVjcXPs17LhbZVGedAJv8XZ1tvj5FvSg=="],

    "lowercase-keys": ["lowercase-keys@3.0.0", "", {}, "sha512-ozCC6gdQ+glXOQsveKD0YsDy8DSQFjDTz4zyzEHNV5+JP5D62LmfDZ6o1cycFx9ouG940M5dE8C8CTewdj2YWQ=="],

    "math-intrinsics": ["math-intrinsics@1.1.0", "", {}, "sha512-/IXtbwEk5HTPyEwyKX6hGkYXxM9nbj64B+ilVJnC/R6B0pH5G4V3b0pVbL7DBj4tkhBAppbQUlf6F6Xl9LHu1g=="],

    "mime-db": ["mime-db@1.52.0", "", {}, "sha512-sPU4uV7dYlvtWJxwwxHD0PuihVNiE7TyAbQ5SWxDCB9mUYvOgroQOwYQQOKPJ8CIbE+1ETVlOoK1UC2nU3gYvg=="],

    "mime-types": ["mime-types@2.1.35", "", { "dependencies": { "mime-db": "1.52.0" } }, "sha512-ZDY+bPm5zTTF+YpCrAU9nK0UgICYPT0QtT1NZWFv4s++TNkcgVaT0g6+4R2uI4MjQjzysHB1zxuWL50hzaeXiw=="],

    "mimic-response": ["mimic-response@4.0.0", "", {}, "sha512-e5ISH9xMYU0DzrT+jl8q2ze9D6eWBto+I8CNpe+VI+K2J/F/k3PdkdTdz4wvGVH4NTpo+NRYTVIuMQEMMcsLqg=="],

    "node-fetch": ["node-fetch@2.7.0", "", { "dependencies": { "whatwg-url": "^5.0.0" }, "peerDependencies": { "encoding": "^0.1.0" }, "optionalPeers": ["encoding"] }, "sha512-c4FRfUm/dbcWZ7U+1Wq0AwCyFL+3nt2bEw05wfxSz+DWpWsitgmSgYmy2dQdWyKC1694ELPqMs/YzUSNozLt8A=="],

    "normalize-url": ["normalize-url@8.0.1", "", {}, "sha512-IO9QvjUMWxPQQhs60oOu10CRkWCiZzSUkzbXGGV9pviYl1fXYcvkzQ5jV9z8Y6un8ARoVRl4EtC6v6jNqbaJ/w=="],

    "p-cancelable": ["p-cancelable@3.0.0", "", {}, "sha512-mlVgR3PGuzlo0MmTdk4cXqXWlwQDLnONTAg6sm62XkMJEiRxN3GL3SffkYvqwonbkJBcrI7Uvv5Zh9yjvn2iUw=="],

    "quick-lru": ["quick-lru@5.1.1", "", {}, "sha512-WuyALRjWPDGtt/wzJiadO5AXY+8hZ80hVpe6MyivgraREW751X3SbhRvG3eLKOYN+8VEvqLcf3wdnt44Z4S4SA=="],

    "resolve-alpn": ["resolve-alpn@1.2.1", "", {}, "sha512-0a1F4l73/ZFZOakJnQ3FvkJ2+gSTQWz/r2KE5OdDY0TxPm5h4GkqkWWfM47T7HsbnOtcJVEF4epCVy6u7Q3K+g=="],

    "responselike": ["responselike@3.0.0", "", { "dependencies": { "lowercase-keys": "^3.0.0" } }, "sha512-40yHxbNcl2+rzXvZuVkrYohathsSJlMTXKryG5y8uciHv1+xDLHQpgjG64JUO9nrEq2jGLH6IZ8BcZyw3wrweg=="],

    "tr46": ["tr46@0.0.3", "", {}, "sha512-N3WMsuqV66lT30CrXNbEjx4GEwlow3v6rr4mCcv6prnfwhS01rkgyFdjPNBYd9br7LpXV1+Emh01fHnq2Gdgrw=="],

    "ts-custom-error": ["ts-custom-error@3.3.1", "", {}, "sha512-5OX1tzOjxWEgsr/YEUWSuPrQ00deKLh6D7OTWcvNHm12/7QPyRh8SYpyWvA4IZv8H/+GQWQEh/kwo95Q9OVW1A=="],

    "type-fest": ["type-fest@4.41.0", "", {}, "sha512-TeTSQ6H5YHvpqVwBRcnLDCBnDOHWYu7IvGbHT6N8AOymcr9PJGjc1GTtiWZTYg0NCgYwvnYWEkVChQAr9bjfwA=="],

    "undici": ["undici@7.22.0", "", {}, "sha512-RqslV2Us5BrllB+JeiZnK4peryVTndy9Dnqq62S3yYRRTj0tFQCwEniUy2167skdGOy3vqRzEvl1Dm4sV2ReDg=="],

    "undici-types": ["undici-types@6.20.0", "", {}, "sha512-Ny6QZ2Nju20vw1SRHe3d9jVu6gJ+4e3+MMpqu7pqE5HT6WsTSlce++GQmK5UXS8mzV8DSYHrQH+Xrf2jVcuKNg=="],

    "uuid": ["uuid@11.1.0", "", { "bin": { "uuid": "dist/esm/bin/uuid" } }, "sha512-0/A9rDy9P7cJ+8w1c9WD9V//9Wj15Ce2MPz8Ri6032usz+NfePxx5AcN3bN+r6ZL6jEo066/yNYB3tn4pQEx+A=="],

    "webidl-conversions": ["webidl-conversions@3.0.1", "", {}, "sha512-2JAn3z8AR6rjK8Sm8orRC0h/bcl/DqL7tRPdGZ4I1CjdF+EaMLmYxBHyXuKL849eucPFhvBoxMsflfOb8kxaeQ=="],

    "whatwg-url": ["whatwg-url@5.0.0", "", { "dependencies": { "tr46": "~0.0.3", "webidl-conversions": "^3.0.0" } }, "sha512-saE57nupxk6v3HY35+jzBwYa0rKSy0XR8JSxZPwgLr7ys0IBzhGviA1/TUGJLmSVqs8pb9AnvICXEuOHLprYTw=="],

    "zod": ["zod@4.1.12", "", {}, "sha512-JInaHOamG8pt5+Ey8kGmdcAcg3OL9reK8ltczgHTAwNhMys/6ThXHityHxVV2p3fkw/c+MAvBHFVYHFZDmjMCQ=="],

    "@types/node-fetch/form-data": ["form-data@4.0.1", "", { "dependencies": { "asynckit": "^0.4.0", "combined-stream": "^1.0.8", "mime-types": "^2.1.12" } }, "sha512-tzN8e4TX8+kkxGPK8D5u0FNmjPUjw3lwC9lSLxxoB/+GtsJG91CO8bSWy73APlgAZzZbXEYZJuxjkHH2w+Ezhw=="],

    "decompress-response/mimic-response": ["mimic-response@3.1.0", "", {}, "sha512-z0yWI+4FDrrweS8Zmt4Ej5HdJmky15+L2e6Wgn3+iK5fWzb6T3fhNFq2+MeTRb064c6Wr4N/wv0DzQTjNzHNGQ=="],
  }
}
