# THIS IS AN AUTOGENERATED FILE. DO NOT EDIT THIS FILE DIRECTLY.
# yarn lockfile v1


"@kory-smith/todoist-api-ts@^1.0.3":
  version "1.0.3"
  resolved "https://registry.yarnpkg.com/@kory-smith/todoist-api-ts/-/todoist-api-ts-1.0.3.tgz#e0f8dbc95c76a33b7685380b02f7daff2ceb6a3f"
  integrity sha512-dyrCZR0G53ZQSJ0YDmvsTw40GFB+rYuJPHldr7XR7SfdWlSk33iQ4Wg3R22LuUJy3wWoiqz2IEl+91SHTrMixQ==
  dependencies:
    axios "^0.17.1"
    uuid "^3.1.0"

"@notionhq/client@^0.2.3":
  version "0.2.4"
  resolved "https://registry.yarnpkg.com/@notionhq/client/-/client-0.2.4.tgz#8d908a781501f4110166af05ef2da61c00782422"
  integrity sha512-omokCm0TwRH0DTCkHGCX4V4jEd7XQoMvQ9d7bcLn+mZgnTW5uU50T+vqQudr6p3y3BMeCXROI/u+JmU2RJT/AQ==
  dependencies:
    "@types/node-fetch" "^2.5.10"
    node-fetch "^2.6.1"

"@sindresorhus/is@^4.0.0":
  version "4.0.1"
  resolved "https://registry.yarnpkg.com/@sindresorhus/is/-/is-4.0.1.tgz#d26729db850fa327b7cacc5522252194404226f5"
  integrity sha512-Qm9hBEBu18wt1PO2flE7LPb30BHMQt1eQgbV76YntdNk73XZGpn3izvGTYxbGgzXKgbCjiia0uxTd3aTNQrY/g==

"@szmarczak/http-timer@^4.0.5":
  version "4.0.6"
  resolved "https://registry.yarnpkg.com/@szmarczak/http-timer/-/http-timer-4.0.6.tgz#b4a914bb62e7c272d4e5989fe4440f812ab1d807"
  integrity sha512-4BAffykYOgO+5nzBWYwE3W90sBgLJoUPRWWcL8wlyiM8IB8ipJz3UMJ9KXQd1RKQXpKp8Tutn80HZtWsu2u76w==
  dependencies:
    defer-to-connect "^2.0.0"

"@types/cacheable-request@^6.0.1":
  version "6.0.2"
  resolved "https://registry.yarnpkg.com/@types/cacheable-request/-/cacheable-request-6.0.2.tgz#c324da0197de0a98a2312156536ae262429ff6b9"
  integrity sha512-B3xVo+dlKM6nnKTcmm5ZtY/OL8bOAOd2Olee9M1zft65ox50OzjEHW91sDiU9j6cvW8Ejg1/Qkf4xd2kugApUA==
  dependencies:
    "@types/http-cache-semantics" "*"
    "@types/keyv" "*"
    "@types/node" "*"
    "@types/responselike" "*"

"@types/http-cache-semantics@*":
  version "4.0.1"
  resolved "https://registry.yarnpkg.com/@types/http-cache-semantics/-/http-cache-semantics-4.0.1.tgz#0ea7b61496902b95890dc4c3a116b60cb8dae812"
  integrity sha512-SZs7ekbP8CN0txVG2xVRH6EgKmEm31BOxA07vkFaETzZz1xh+cbt8BcI0slpymvwhx5dlFnQG2rTlPVQn+iRPQ==

"@types/keyv@*":
  version "3.1.2"
  resolved "https://registry.yarnpkg.com/@types/keyv/-/keyv-3.1.2.tgz#5d97bb65526c20b6e0845f6b0d2ade4f28604ee5"
  integrity sha512-/FvAK2p4jQOaJ6CGDHJTqZcUtbZe820qIeTg7o0Shg7drB4JHeL+V/dhSaly7NXx6u8eSee+r7coT+yuJEvDLg==
  dependencies:
    "@types/node" "*"

"@types/lodash@^4.14.172":
  version "4.14.172"
  resolved "https://registry.yarnpkg.com/@types/lodash/-/lodash-4.14.172.tgz#aad774c28e7bfd7a67de25408e03ee5a8c3d028a"
  integrity sha512-/BHF5HAx3em7/KkzVKm3LrsD6HZAXuXO1AJZQ3cRRBZj4oHZDviWPYu0aEplAqDFNHZPW6d3G7KN+ONcCCC7pw==

"@types/node-fetch@^2.5.10":
  version "2.5.12"
  resolved "https://registry.yarnpkg.com/@types/node-fetch/-/node-fetch-2.5.12.tgz#8a6f779b1d4e60b7a57fb6fd48d84fb545b9cc66"
  integrity sha512-MKgC4dlq4kKNa/mYrwpKfzQMB5X3ee5U6fSprkKpToBqBmX4nFZL9cW5jl6sWn+xpRJ7ypWh2yyqqr8UUCstSw==
  dependencies:
    "@types/node" "*"
    form-data "^3.0.0"

"@types/node@*":
  version "16.7.4"
  resolved "https://registry.yarnpkg.com/@types/node/-/node-16.7.4.tgz#68a9384694af63ceab8848e95d76d9a3519e84b6"
  integrity sha512-25QXpDsTiDnl2rZGUenagVMwO46way8dOUdvoC3R3p+6TrbpxeJBo/v87BEG1IHI31Jhaa8lPeSHcqwxsVBeYQ==

"@types/responselike@*", "@types/responselike@^1.0.0":
  version "1.0.0"
  resolved "https://registry.yarnpkg.com/@types/responselike/-/responselike-1.0.0.tgz#251f4fe7d154d2bad125abe1b429b23afd262e29"
  integrity sha512-85Y2BjiufFzaMIlvJDvTTB8Fxl2xfLo4HgmHzVBz08w4wDePCTjYw66PdrolO0kzli3yam/YCgRufyo1DdQVTA==
  dependencies:
    "@types/node" "*"

asynckit@^0.4.0:
  version "0.4.0"
  resolved "https://registry.yarnpkg.com/asynckit/-/asynckit-0.4.0.tgz#c79ed97f7f34cb8f2ba1bc9790bcc366474b4b79"
  integrity sha1-x57Zf380y48robyXkLzDZkdLS3k=

axios@^0.17.1:
  version "0.17.1"
  resolved "https://registry.yarnpkg.com/axios/-/axios-0.17.1.tgz#2d8e3e5d0bdbd7327f91bc814f5c57660f81824d"
  integrity sha1-LY4+XQvb1zJ/kbyBT1xXZg+Bgk0=
  dependencies:
    follow-redirects "^1.2.5"
    is-buffer "^1.1.5"

cacheable-lookup@^5.0.3:
  version "5.0.4"
  resolved "https://registry.yarnpkg.com/cacheable-lookup/-/cacheable-lookup-5.0.4.tgz#5a6b865b2c44357be3d5ebc2a467b032719a7005"
  integrity sha512-2/kNscPhpcxrOigMZzbiWF7dz8ilhb/nIHU3EyZiXWXpeq/au8qJ8VhdftMkty3n7Gj6HIGalQG8oiBNB3AJgA==

cacheable-request@^7.0.1:
  version "7.0.2"
  resolved "https://registry.yarnpkg.com/cacheable-request/-/cacheable-request-7.0.2.tgz#ea0d0b889364a25854757301ca12b2da77f91d27"
  integrity sha512-pouW8/FmiPQbuGpkXQ9BAPv/Mo5xDGANgSNXzTzJ8DrKGuXOssM4wIQRjfanNRh3Yu5cfYPvcorqbhg2KIJtew==
  dependencies:
    clone-response "^1.0.2"
    get-stream "^5.1.0"
    http-cache-semantics "^4.0.0"
    keyv "^4.0.0"
    lowercase-keys "^2.0.0"
    normalize-url "^6.0.1"
    responselike "^2.0.0"

clone-response@^1.0.2:
  version "1.0.2"
  resolved "https://registry.yarnpkg.com/clone-response/-/clone-response-1.0.2.tgz#d1dc973920314df67fbeb94223b4ee350239e96b"
  integrity sha1-0dyXOSAxTfZ/vrlCI7TuNQI56Ws=
  dependencies:
    mimic-response "^1.0.0"

combined-stream@^1.0.8:
  version "1.0.8"
  resolved "https://registry.yarnpkg.com/combined-stream/-/combined-stream-1.0.8.tgz#c3d45a8b34fd730631a110a8a2520682b31d5a7f"
  integrity sha512-FQN4MRfuJeHf7cBbBMJFXhKSDq+2kAArBlmRBvcvFE5BB1HZKXtSFASDhdlz9zOYwxh8lDdnvmMOe/+5cdoEdg==
  dependencies:
    delayed-stream "~1.0.0"

decompress-response@^6.0.0:
  version "6.0.0"
  resolved "https://registry.yarnpkg.com/decompress-response/-/decompress-response-6.0.0.tgz#ca387612ddb7e104bd16d85aab00d5ecf09c66fc"
  integrity sha512-aW35yZM6Bb/4oJlZncMH2LCoZtJXTRxES17vE3hoRiowU2kWHaJKFkSBDnDR+cm9J+9QhXmREyIfv0pji9ejCQ==
  dependencies:
    mimic-response "^3.1.0"

defer-to-connect@^2.0.0:
  version "2.0.1"
  resolved "https://registry.yarnpkg.com/defer-to-connect/-/defer-to-connect-2.0.1.tgz#8016bdb4143e4632b77a3449c6236277de520587"
  integrity sha512-4tvttepXG1VaYGrRibk5EwJd1t4udunSOVMdLSAL6mId1ix438oPwPZMALY41FCijukO1L0twNcGsdzS7dHgDg==

delayed-stream@~1.0.0:
  version "1.0.0"
  resolved "https://registry.yarnpkg.com/delayed-stream/-/delayed-stream-1.0.0.tgz#df3ae199acadfb7d440aaae0b29e2272b24ec619"
  integrity sha1-3zrhmayt+31ECqrgsp4icrJOxhk=

dotenv@^9.0.2:
  version "9.0.2"
  resolved "https://registry.yarnpkg.com/dotenv/-/dotenv-9.0.2.tgz#dacc20160935a37dea6364aa1bef819fb9b6ab05"
  integrity sha512-I9OvvrHp4pIARv4+x9iuewrWycX6CcZtoAu1XrzPxc5UygMJXJZYmBsynku8IkrJwgypE5DGNjDPmPRhDCptUg==

end-of-stream@^1.1.0:
  version "1.4.4"
  resolved "https://registry.yarnpkg.com/end-of-stream/-/end-of-stream-1.4.4.tgz#5ae64a5f45057baf3626ec14da0ca5e4b2431eb0"
  integrity sha512-+uw1inIHVPQoaVuHzRyXd21icM+cnt4CzD5rW+NC1wjOUSTOs+Te7FOv7AhN7vS9x/oIyhLP5PR1H+phQAHu5Q==
  dependencies:
    once "^1.4.0"

follow-redirects@^1.2.5:
  version "1.14.2"
  resolved "https://registry.yarnpkg.com/follow-redirects/-/follow-redirects-1.14.2.tgz#cecb825047c00f5e66b142f90fed4f515dec789b"
  integrity sha512-yLR6WaE2lbF0x4K2qE2p9PEXKLDjUjnR/xmjS3wHAYxtlsI9MLLBJUZirAHKzUZDGLxje7w/cXR49WOUo4rbsA==

form-data@^3.0.0:
  version "3.0.1"
  resolved "https://registry.yarnpkg.com/form-data/-/form-data-3.0.1.tgz#ebd53791b78356a99af9a300d4282c4d5eb9755f"
  integrity sha512-RHkBKtLWUVwd7SqRIvCZMEvAMoGUp0XU+seQiZejj0COz3RI3hWP4sCv3gZWWLjJTd7rGwcsF5eKZGii0r/hbg==
  dependencies:
    asynckit "^0.4.0"
    combined-stream "^1.0.8"
    mime-types "^2.1.12"

get-stream@^5.1.0:
  version "5.2.0"
  resolved "https://registry.yarnpkg.com/get-stream/-/get-stream-5.2.0.tgz#4966a1795ee5ace65e706c4b7beb71257d6e22d3"
  integrity sha512-nBF+F1rAZVCu/p7rjzgA+Yb4lfYXrpl7a6VmJrU8wF9I1CKvP/QwPNZHnOlwbTkY6dvtFIzFMSyQXbLoTQPRpA==
  dependencies:
    pump "^3.0.0"

got@^11.8.2:
  version "11.8.2"
  resolved "https://registry.yarnpkg.com/got/-/got-11.8.2.tgz#7abb3959ea28c31f3576f1576c1effce23f33599"
  integrity sha512-D0QywKgIe30ODs+fm8wMZiAcZjypcCodPNuMz5H9Mny7RJ+IjJ10BdmGW7OM7fHXP+O7r6ZwapQ/YQmMSvB0UQ==
  dependencies:
    "@sindresorhus/is" "^4.0.0"
    "@szmarczak/http-timer" "^4.0.5"
    "@types/cacheable-request" "^6.0.1"
    "@types/responselike" "^1.0.0"
    cacheable-lookup "^5.0.3"
    cacheable-request "^7.0.1"
    decompress-response "^6.0.0"
    http2-wrapper "^1.0.0-beta.5.2"
    lowercase-keys "^2.0.0"
    p-cancelable "^2.0.0"
    responselike "^2.0.0"

hpagent@^0.1.1:
  version "0.1.2"
  resolved "https://registry.yarnpkg.com/hpagent/-/hpagent-0.1.2.tgz#cab39c66d4df2d4377dbd212295d878deb9bdaa9"
  integrity sha512-ePqFXHtSQWAFXYmj+JtOTHr84iNrII4/QRlAAPPE+zqnKy4xJo7Ie1Y4kC7AdB+LxLxSTTzBMASsEcy0q8YyvQ==

http-cache-semantics@^4.0.0:
  version "4.1.0"
  resolved "https://registry.yarnpkg.com/http-cache-semantics/-/http-cache-semantics-4.1.0.tgz#49e91c5cbf36c9b94bcfcd71c23d5249ec74e390"
  integrity sha512-carPklcUh7ROWRK7Cv27RPtdhYhUsela/ue5/jKzjegVvXDqM2ILE9Q2BGn9JZJh1g87cp56su/FgQSzcWS8cQ==

http2-wrapper@^1.0.0-beta.5.2:
  version "1.0.3"
  resolved "https://registry.yarnpkg.com/http2-wrapper/-/http2-wrapper-1.0.3.tgz#b8f55e0c1f25d4ebd08b3b0c2c079f9590800b3d"
  integrity sha512-V+23sDMr12Wnz7iTcDeJr3O6AIxlnvT/bmaAAAP/Xda35C90p9599p0F1eHR/N1KILWSoWVAiOMFjBBXaXSMxg==
  dependencies:
    quick-lru "^5.1.1"
    resolve-alpn "^1.0.0"

is-buffer@^1.1.5:
  version "1.1.6"
  resolved "https://registry.yarnpkg.com/is-buffer/-/is-buffer-1.1.6.tgz#efaa2ea9daa0d7ab2ea13a97b2b8ad51fefbe8be"
  integrity sha512-NcdALwpXkTm5Zvvbk7owOUSvVvBKDgKP5/ewfXEznmQFfs4ZRmanOeKBTjRVjka3QFoN6XJ+9F3USqfHqTaU5w==

json-buffer@3.0.1:
  version "3.0.1"
  resolved "https://registry.yarnpkg.com/json-buffer/-/json-buffer-3.0.1.tgz#9338802a30d3b6605fbe0613e094008ca8c05a13"
  integrity sha512-4bV5BfR2mqfQTJm+V5tPPdf+ZpuhiIvTuAB5g8kcrXOZpTT/QwwVRWBywX1ozr6lEuPdbHxwaJlm9G6mI2sfSQ==

keyv@^4.0.0:
  version "4.0.3"
  resolved "https://registry.yarnpkg.com/keyv/-/keyv-4.0.3.tgz#4f3aa98de254803cafcd2896734108daa35e4254"
  integrity sha512-zdGa2TOpSZPq5mU6iowDARnMBZgtCqJ11dJROFi6tg6kTn4nuUdU09lFyLFSaHrWqpIJ+EBq4E8/Dc0Vx5vLdA==
  dependencies:
    json-buffer "3.0.1"

lodash@^4.17.21:
  version "4.17.21"
  resolved "https://registry.yarnpkg.com/lodash/-/lodash-4.17.21.tgz#679591c564c3bffaae8454cf0b3df370c3d6911c"
  integrity sha512-v2kDEe57lecTulaDIuNTPy3Ry4gLGJ6Z1O3vE1krgXZNrsQ+LFTGHVxVjcXPs17LhbZVGedAJv8XZ1tvj5FvSg==

lowercase-keys@^2.0.0:
  version "2.0.0"
  resolved "https://registry.yarnpkg.com/lowercase-keys/-/lowercase-keys-2.0.0.tgz#2603e78b7b4b0006cbca2fbcc8a3202558ac9479"
  integrity sha512-tqNXrS78oMOE73NMxK4EMLQsQowWf8jKooH9g7xPavRT706R6bkQJ6DY2Te7QukaZsulxa30wQ7bk0pm4XiHmA==

mime-db@1.49.0:
  version "1.49.0"
  resolved "https://registry.yarnpkg.com/mime-db/-/mime-db-1.49.0.tgz#f3dfde60c99e9cf3bc9701d687778f537001cbed"
  integrity sha512-CIc8j9URtOVApSFCQIF+VBkX1RwXp/oMMOrqdyXSBXq5RWNEsRfyj1kiRnQgmNXmHxPoFIxOroKA3zcU9P+nAA==

mime-types@^2.1.12:
  version "2.1.32"
  resolved "https://registry.yarnpkg.com/mime-types/-/mime-types-2.1.32.tgz#1d00e89e7de7fe02008db61001d9e02852670fd5"
  integrity sha512-hJGaVS4G4c9TSMYh2n6SQAGrC4RnfU+daP8G7cSCmaqNjiOoUY0VHCMS42pxnQmVF1GWwFhbHWn3RIxCqTmZ9A==
  dependencies:
    mime-db "1.49.0"

mimic-response@^1.0.0:
  version "1.0.1"
  resolved "https://registry.yarnpkg.com/mimic-response/-/mimic-response-1.0.1.tgz#4923538878eef42063cb8a3e3b0798781487ab1b"
  integrity sha512-j5EctnkH7amfV/q5Hgmoal1g2QHFJRraOtmx0JpIqkxhBhI/lJSl1nMpQ45hVarwNETOoWEimndZ4QK0RHxuxQ==

mimic-response@^3.1.0:
  version "3.1.0"
  resolved "https://registry.yarnpkg.com/mimic-response/-/mimic-response-3.1.0.tgz#2d1d59af9c1b129815accc2c46a022a5ce1fa3c9"
  integrity sha512-z0yWI+4FDrrweS8Zmt4Ej5HdJmky15+L2e6Wgn3+iK5fWzb6T3fhNFq2+MeTRb064c6Wr4N/wv0DzQTjNzHNGQ==

node-fetch@^2.6.1:
  version "2.6.1"
  resolved "https://registry.yarnpkg.com/node-fetch/-/node-fetch-2.6.1.tgz#045bd323631f76ed2e2b55573394416b639a0052"
  integrity sha512-V4aYg89jEoVRxRb2fJdAg8FHvI7cEyYdVAh94HH0UIK8oJxUfkjlDQN9RbMx+bEjP7+ggMiFRprSti032Oipxw==

normalize-url@^6.0.1:
  version "6.1.0"
  resolved "https://registry.yarnpkg.com/normalize-url/-/normalize-url-6.1.0.tgz#40d0885b535deffe3f3147bec877d05fe4c5668a"
  integrity sha512-DlL+XwOy3NxAQ8xuC0okPgK46iuVNAK01YN7RueYBqqFeGsBjV9XmCAzAdgt+667bCl5kPh9EqKKDwnaPG1I7A==

once@^1.3.1, once@^1.4.0:
  version "1.4.0"
  resolved "https://registry.yarnpkg.com/once/-/once-1.4.0.tgz#583b1aa775961d4b113ac17d9c50baef9dd76bd1"
  integrity sha1-WDsap3WWHUsROsF9nFC6753Xa9E=
  dependencies:
    wrappy "1"

p-cancelable@^2.0.0:
  version "2.1.1"
  resolved "https://registry.yarnpkg.com/p-cancelable/-/p-cancelable-2.1.1.tgz#aab7fbd416582fa32a3db49859c122487c5ed2cf"
  integrity sha512-BZOr3nRQHOntUjTrH8+Lh54smKHoHyur8We1V8DSMVrl5A2malOOwuJRnKRDjSnkoeBh4at6BwEnb5I7Jl31wg==

pump@^3.0.0:
  version "3.0.0"
  resolved "https://registry.yarnpkg.com/pump/-/pump-3.0.0.tgz#b4a2116815bde2f4e1ea602354e8c75565107a64"
  integrity sha512-LwZy+p3SFs1Pytd/jYct4wpv49HiYCqd9Rlc5ZVdk0V+8Yzv6jR5Blk3TRmPL1ft69TxP0IMZGJ+WPFU2BFhww==
  dependencies:
    end-of-stream "^1.1.0"
    once "^1.3.1"

quick-lru@^5.1.1:
  version "5.1.1"
  resolved "https://registry.yarnpkg.com/quick-lru/-/quick-lru-5.1.1.tgz#366493e6b3e42a3a6885e2e99d18f80fb7a8c932"
  integrity sha512-WuyALRjWPDGtt/wzJiadO5AXY+8hZ80hVpe6MyivgraREW751X3SbhRvG3eLKOYN+8VEvqLcf3wdnt44Z4S4SA==

resolve-alpn@^1.0.0:
  version "1.2.0"
  resolved "https://registry.yarnpkg.com/resolve-alpn/-/resolve-alpn-1.2.0.tgz#058bb0888d1cd4d12474e9a4b6eb17bdd5addc44"
  integrity sha512-e4FNQs+9cINYMO5NMFc6kOUCdohjqFPSgMuwuZAOUWqrfWsen+Yjy5qZFkV5K7VO7tFSLKcUL97olkED7sCBHA==

responselike@^2.0.0:
  version "2.0.0"
  resolved "https://registry.yarnpkg.com/responselike/-/responselike-2.0.0.tgz#26391bcc3174f750f9a79eacc40a12a5c42d7723"
  integrity sha512-xH48u3FTB9VsZw7R+vvgaKeLKzT6jOogbQhEe/jewwnZgzPcnyWui2Av6JpoYZF/91uueC+lqhWqeURw5/qhCw==
  dependencies:
    lowercase-keys "^2.0.0"

uuid@^3.1.0:
  version "3.4.0"
  resolved "https://registry.yarnpkg.com/uuid/-/uuid-3.4.0.tgz#b23e4358afa8a202fe7a100af1f5f883f02007ee"
  integrity sha512-HjSDRw6gZE5JMggctHBcjVak08+KEVhSIiDzFnT9S9aegmp85S/bReBVTb4QTFaRNptJ9kuYaNhnbNEOkbKb/A==

wrappy@1:
  version "1.0.2"
  resolved "https://registry.yarnpkg.com/wrappy/-/wrappy-1.0.2.tgz#b5243d8f3ec1aa35f1364605bc0d1036e30ab69f"
  integrity sha1-tSQ9jz7BqjXxNkYFvA0QNuMKtp8=
